
Microsoft Visual Studio Solution File, Format Version 12.00
# Visual Studio 2013
VisualStudioVersion = 12.0.40629.0
MinimumVisualStudioVersion = 10.0.40219.1
Project("{FAE04EC0-301F-11D3-BF4B-00C04F79EFBC}") = "StrategyPattern", "StrategyPattern\StrategyPattern.csproj", "{83869007-578A-4E5D-8826-AB199F974AC0}"
EndProject
Project("{FAE04EC0-301F-11D3-BF4B-00C04F79EFBC}") = "MediatorPattern", "MediatorPattern\MediatorPattern.csproj", "{84BB9137-FF19-46F3-B50B-C9FFBEFCBB03}"
EndProject
Project("{FAE04EC0-301F-11D3-BF4B-00C04F79EFBC}") = "VisitorPattern", "VisitorPattern\VisitorPattern.csproj", "{466C7F7F-738A-4FEE-8318-2E149111DF10}"
EndProject
Project("{FAE04EC0-301F-11D3-BF4B-00C04F79EFBC}") = "StatePattern", "StatePattern\StatePattern.csproj", "{C345783E-3960-4DB9-A420-61A503E126C7}"
EndProject
Global
	GlobalSection(SolutionConfigurationPlatforms) = preSolution
		Debug|Any CPU = Debug|Any CPU
		Release|Any CPU = Release|Any CPU
	EndGlobalSection
	GlobalSection(ProjectConfigurationPlatforms) = postSolution
		{83869007-578A-4E5D-8826-AB199F974AC0}.Debug|Any CPU.ActiveCfg = Debug|Any CPU
		{83869007-578A-4E5D-8826-AB199F974AC0}.Debug|Any CPU.Build.0 = Debug|Any CPU
		{83869007-578A-4E5D-8826-AB199F974AC0}.Release|Any CPU.ActiveCfg = Release|Any CPU
		{83869007-578A-4E5D-8826-AB199F974AC0}.Release|Any CPU.Build.0 = Release|Any CPU
		{84BB9137-FF19-46F3-B50B-C9FFBEFCBB03}.Debug|Any CPU.ActiveCfg = Debug|Any CPU
		{84BB9137-FF19-46F3-B50B-C9FFBEFCBB03}.Debug|Any CPU.Build.0 = Debug|Any CPU
		{84BB9137-FF19-46F3-B50B-C9FFBEFCBB03}.Release|Any CPU.ActiveCfg = Release|Any CPU
		{84BB9137-FF19-46F3-B50B-C9FFBEFCBB03}.Release|Any CPU.Build.0 = Release|Any CPU
		{466C7F7F-738A-4FEE-8318-2E149111DF10}.Debug|Any CPU.ActiveCfg = Debug|Any CPU
		{466C7F7F-738A-4FEE-8318-2E149111DF10}.Debug|Any CPU.Build.0 = Debug|Any CPU
		{466C7F7F-738A-4FEE-8318-2E149111DF10}.Release|Any CPU.ActiveCfg = Release|Any CPU
		{466C7F7F-738A-4FEE-8318-2E149111DF10}.Release|Any CPU.Build.0 = Release|Any CPU
		{C345783E-3960-4DB9-A420-61A503E126C7}.Debug|Any CPU.ActiveCfg = Debug|Any CPU
		{C345783E-3960-4DB9-A420-61A503E126C7}.Debug|Any CPU.Build.0 = Debug|Any CPU
		{C345783E-3960-4DB9-A420-61A503E126C7}.Release|Any CPU.ActiveCfg = Release|Any CPU
		{C345783E-3960-4DB9-A420-61A503E126C7}.Release|Any CPU.Build.0 = Release|Any CPU
	EndGlobalSection
	GlobalSection(SolutionProperties) = preSolution
		HideSolutionNode = FALSE
	EndGlobalSection
EndGlobal
