
Microsoft Visual Studio Solution File, Format Version 12.00
# Visual Studio 14
VisualStudioVersion = 14.0.23107.0
MinimumVisualStudioVersion = 10.0.40219.1
Project("{FAE04EC0-301F-11D3-BF4B-00C04F79EFBC}") = "01.Students", "01.Students\01.Students.csproj", "{EB5A72D3-356B-4A4A-B51E-EBED258F0B5B}"
EndProject
Project("{FAE04EC0-301F-11D3-BF4B-00C04F79EFBC}") = "02.Company", "02.Company\02.Company.csproj", "{0CFF81D9-F087-46B7-9E34-9EC31A46B9F9}"
EndProject
Project("{FAE04EC0-301F-11D3-BF4B-00C04F79EFBC}") = "03.ImplementBiDictionary", "03.ImplementBiDictionary\03.ImplementBiDictionary.csproj", "{26180C17-BCB2-4BA4-8B96-832F85212DF0}"
EndProject
Global
	GlobalSection(SolutionConfigurationPlatforms) = preSolution
		Debug|Any CPU = Debug|Any CPU
		Release|Any CPU = Release|Any CPU
	EndGlobalSection
	GlobalSection(ProjectConfigurationPlatforms) = postSolution
		{EB5A72D3-356B-4A4A-B51E-EBED258F0B5B}.Debug|Any CPU.ActiveCfg = Debug|Any CPU
		{EB5A72D3-356B-4A4A-B51E-EBED258F0B5B}.Debug|Any CPU.Build.0 = Debug|Any CPU
		{EB5A72D3-356B-4A4A-B51E-EBED258F0B5B}.Release|Any CPU.ActiveCfg = Release|Any CPU
		{EB5A72D3-356B-4A4A-B51E-EBED258F0B5B}.Release|Any CPU.Build.0 = Release|Any CPU
		{0CFF81D9-F087-46B7-9E34-9EC31A46B9F9}.Debug|Any CPU.ActiveCfg = Debug|Any CPU
		{0CFF81D9-F087-46B7-9E34-9EC31A46B9F9}.Debug|Any CPU.Build.0 = Debug|Any CPU
		{0CFF81D9-F087-46B7-9E34-9EC31A46B9F9}.Release|Any CPU.ActiveCfg = Release|Any CPU
		{0CFF81D9-F087-46B7-9E34-9EC31A46B9F9}.Release|Any CPU.Build.0 = Release|Any CPU
		{26180C17-BCB2-4BA4-8B96-832F85212DF0}.Debug|Any CPU.ActiveCfg = Debug|Any CPU
		{26180C17-BCB2-4BA4-8B96-832F85212DF0}.Debug|Any CPU.Build.0 = Debug|Any CPU
		{26180C17-BCB2-4BA4-8B96-832F85212DF0}.Release|Any CPU.ActiveCfg = Release|Any CPU
		{26180C17-BCB2-4BA4-8B96-832F85212DF0}.Release|Any CPU.Build.0 = Release|Any CPU
	EndGlobalSection
	GlobalSection(SolutionProperties) = preSolution
		HideSolutionNode = FALSE
	EndGlobalSection
EndGlobal
