
Microsoft Visual Studio Solution File, Format Version 12.00
# Visual Studio 14
VisualStudioVersion = 14.0.23107.0
MinimumVisualStudioVersion = 10.0.40219.1
Project("{FAE04EC0-301F-11D3-BF4B-00C04F79EFBC}") = "01.ImplementPriorityQueue", "01.ImplementPriorityQueue\01.ImplementPriorityQueue.csproj", "{F7B165E9-5522-4411-8BD6-69A08B03D57D}"
EndProject
Project("{FAE04EC0-301F-11D3-BF4B-00C04F79EFBC}") = "02.ReadLargeCollection", "02.ReadLargeCollection\02.ReadLargeCollection.csproj", "{8646260A-BF1A-4417-8C43-F9749DDB38A7}"
EndProject
Project("{FAE04EC0-301F-11D3-BF4B-00C04F79EFBC}") = "03.SetOfWords", "03.SetOfWords\03.SetOfWords.csproj", "{E83F6DD1-E251-42FE-8E5D-901596512BEA}"
EndProject
Global
	GlobalSection(SolutionConfigurationPlatforms) = preSolution
		Debug|Any CPU = Debug|Any CPU
		Release|Any CPU = Release|Any CPU
	EndGlobalSection
	GlobalSection(ProjectConfigurationPlatforms) = postSolution
		{F7B165E9-5522-4411-8BD6-69A08B03D57D}.Debug|Any CPU.ActiveCfg = Debug|Any CPU
		{F7B165E9-5522-4411-8BD6-69A08B03D57D}.Debug|Any CPU.Build.0 = Debug|Any CPU
		{F7B165E9-5522-4411-8BD6-69A08B03D57D}.Release|Any CPU.ActiveCfg = Release|Any CPU
		{F7B165E9-5522-4411-8BD6-69A08B03D57D}.Release|Any CPU.Build.0 = Release|Any CPU
		{8646260A-BF1A-4417-8C43-F9749DDB38A7}.Debug|Any CPU.ActiveCfg = Debug|Any CPU
		{8646260A-BF1A-4417-8C43-F9749DDB38A7}.Debug|Any CPU.Build.0 = Debug|Any CPU
		{8646260A-BF1A-4417-8C43-F9749DDB38A7}.Release|Any CPU.ActiveCfg = Release|Any CPU
		{8646260A-BF1A-4417-8C43-F9749DDB38A7}.Release|Any CPU.Build.0 = Release|Any CPU
		{E83F6DD1-E251-42FE-8E5D-901596512BEA}.Debug|Any CPU.ActiveCfg = Debug|Any CPU
		{E83F6DD1-E251-42FE-8E5D-901596512BEA}.Debug|Any CPU.Build.0 = Debug|Any CPU
		{E83F6DD1-E251-42FE-8E5D-901596512BEA}.Release|Any CPU.ActiveCfg = Release|Any CPU
		{E83F6DD1-E251-42FE-8E5D-901596512BEA}.Release|Any CPU.Build.0 = Release|Any CPU
	EndGlobalSection
	GlobalSection(SolutionProperties) = preSolution
		HideSolutionNode = FALSE
	EndGlobalSection
EndGlobal
