
Microsoft Visual Studio Solution File, Format Version 12.00
# Visual Studio 2013
VisualStudioVersion = 12.0.31101.0
MinimumVisualStudioVersion = 10.0.40219.1
Project("{FAE04EC0-301F-11D3-BF4B-00C04F79EFBC}") = "BunnyFactory", "BunnyFactory\BunnyFactory.csproj", "{F1CEB98F-F4E0-4549-AB15-4EB6F29F0869}"
EndProject
Project("{FAE04EC0-301F-11D3-BF4B-00C04F79EFBC}") = "VariableLengthCodes", "VariableLengthCodes\VariableLengthCodes.csproj", "{4A218F1C-E354-46ED-ACAE-2D6E62BC7EDF}"
EndProject
Global
	GlobalSection(SolutionConfigurationPlatforms) = preSolution
		Debug|Any CPU = Debug|Any CPU
		Release|Any CPU = Release|Any CPU
	EndGlobalSection
	GlobalSection(ProjectConfigurationPlatforms) = postSolution
		{F1CEB98F-F4E0-4549-AB15-4EB6F29F0869}.Debug|Any CPU.ActiveCfg = Debug|Any CPU
		{F1CEB98F-F4E0-4549-AB15-4EB6F29F0869}.Debug|Any CPU.Build.0 = Debug|Any CPU
		{F1CEB98F-F4E0-4549-AB15-4EB6F29F0869}.Release|Any CPU.ActiveCfg = Release|Any CPU
		{F1CEB98F-F4E0-4549-AB15-4EB6F29F0869}.Release|Any CPU.Build.0 = Release|Any CPU
		{4A218F1C-E354-46ED-ACAE-2D6E62BC7EDF}.Debug|Any CPU.ActiveCfg = Debug|Any CPU
		{4A218F1C-E354-46ED-ACAE-2D6E62BC7EDF}.Debug|Any CPU.Build.0 = Debug|Any CPU
		{4A218F1C-E354-46ED-ACAE-2D6E62BC7EDF}.Release|Any CPU.ActiveCfg = Release|Any CPU
		{4A218F1C-E354-46ED-ACAE-2D6E62BC7EDF}.Release|Any CPU.Build.0 = Release|Any CPU
	EndGlobalSection
	GlobalSection(SolutionProperties) = preSolution
		HideSolutionNode = FALSE
	EndGlobalSection
EndGlobal
