
Microsoft Visual Studio Solution File, Format Version 12.00
# Visual Studio 2013
VisualStudioVersion = 12.0.31101.0
MinimumVisualStudioVersion = 10.0.40219.1
Project("{FAE04EC0-301F-11D3-BF4B-00C04F79EFBC}") = "TripleRotationOfDigits", "TripleRotationOfDigits\TripleRotationOfDigits.csproj", "{239119EC-D1D0-40EB-A3BC-8419E63A45D4}"
EndProject
Project("{FAE04EC0-301F-11D3-BF4B-00C04F79EFBC}") = "QuadronacciRectangle", "QuadronacciRectangle\QuadronacciRectangle.csproj", "{ADFD4B83-7E7F-4421-AC23-4C33D79628BE}"
EndProject
Global
	GlobalSection(SolutionConfigurationPlatforms) = preSolution
		Debug|Any CPU = Debug|Any CPU
		Release|Any CPU = Release|Any CPU
	EndGlobalSection
	GlobalSection(ProjectConfigurationPlatforms) = postSolution
		{239119EC-D1D0-40EB-A3BC-8419E63A45D4}.Debug|Any CPU.ActiveCfg = Debug|Any CPU
		{239119EC-D1D0-40EB-A3BC-8419E63A45D4}.Debug|Any CPU.Build.0 = Debug|Any CPU
		{239119EC-D1D0-40EB-A3BC-8419E63A45D4}.Release|Any CPU.ActiveCfg = Release|Any CPU
		{239119EC-D1D0-40EB-A3BC-8419E63A45D4}.Release|Any CPU.Build.0 = Release|Any CPU
		{ADFD4B83-7E7F-4421-AC23-4C33D79628BE}.Debug|Any CPU.ActiveCfg = Debug|Any CPU
		{ADFD4B83-7E7F-4421-AC23-4C33D79628BE}.Debug|Any CPU.Build.0 = Debug|Any CPU
		{ADFD4B83-7E7F-4421-AC23-4C33D79628BE}.Release|Any CPU.ActiveCfg = Release|Any CPU
		{ADFD4B83-7E7F-4421-AC23-4C33D79628BE}.Release|Any CPU.Build.0 = Release|Any CPU
	EndGlobalSection
	GlobalSection(SolutionProperties) = preSolution
		HideSolutionNode = FALSE
	EndGlobalSection
EndGlobal
