
Microsoft Visual Studio Solution File, Format Version 12.00
# Visual Studio 2013
VisualStudioVersion = 12.0.31101.0
MinimumVisualStudioVersion = 10.0.40219.1
Project("{FAE04EC0-301F-11D3-BF4B-00C04F79EFBC}") = "TripleRotationOfDigits", "TripleRotationOfDigits\TripleRotationOfDigits.csproj", "{239119EC-D1D0-40EB-A3BC-8419E63A45D4}"
EndProject
Project("{FAE04EC0-301F-11D3-BF4B-00C04F79EFBC}") = "QuadronacciRectangle", "QuadronacciRectangle\QuadronacciRectangle.csproj", "{ADFD4B83-7E7F-4421-AC23-4C33D79628BE}"
EndProject
Project("{FAE04EC0-301F-11D3-BF4B-00C04F79EFBC}") = "AngryBits", "AngryBits\AngryBits.csproj", "{B7942489-8F02-4680-9B1D-C778CEE0CD72}"
EndProject
Project("{FAE04EC0-301F-11D3-BF4B-00C04F79EFBC}") = "Carpets", "Carpets\Carpets.csproj", "{1F5F118F-24A0-414D-B721-66F0C479B6AA}"
EndProject
Project("{FAE04EC0-301F-11D3-BF4B-00C04F79EFBC}") = "BinaryDigitsCount", "BinaryDigitsCount\BinaryDigitsCount.csproj", "{91CC9E9C-5823-47F8-A4E7-7D72D3178B21}"
EndProject
Project("{FAE04EC0-301F-11D3-BF4B-00C04F79EFBC}") = "ForestRoad", "ForestRoad\ForestRoad.csproj", "{37221975-F37E-4239-BC06-9A836D90FE38}"
EndProject
Project("{FAE04EC0-301F-11D3-BF4B-00C04F79EFBC}") = "WeAllLoveBits", "WeAllLoveBits\WeAllLoveBits.csproj", "{BBDE2027-50D4-4ECE-84BC-1AD4A2117887}"
EndProject
Project("{FAE04EC0-301F-11D3-BF4B-00C04F79EFBC}") = "FirTree", "FirTree\FirTree.csproj", "{EF64556B-2FE6-4387-95DA-DBA48B837239}"
EndProject
Project("{FAE04EC0-301F-11D3-BF4B-00C04F79EFBC}") = "Pillars", "Pillars\Pillars.csproj", "{E901DF86-9B8B-4218-8F78-0F8B2A6984A5}"
EndProject
Project("{FAE04EC0-301F-11D3-BF4B-00C04F79EFBC}") = "DancingBits", "DancingBits\DancingBits.csproj", "{502572B8-4B83-4DE0-8E52-A8F79FFF8611}"
EndProject
Project("{FAE04EC0-301F-11D3-BF4B-00C04F79EFBC}") = "SandGlass", "SandGlass\SandGlass.csproj", "{A57ADB51-AF44-4C69-A02D-10172053A91A}"
EndProject
Project("{FAE04EC0-301F-11D3-BF4B-00C04F79EFBC}") = "AstrologicalDigits", "AstrologicalDigits\AstrologicalDigits.csproj", "{19591975-B0CF-4E88-A6F4-3D5A95174D9E}"
EndProject
Global
	GlobalSection(SolutionConfigurationPlatforms) = preSolution
		Debug|Any CPU = Debug|Any CPU
		Release|Any CPU = Release|Any CPU
	EndGlobalSection
	GlobalSection(ProjectConfigurationPlatforms) = postSolution
		{239119EC-D1D0-40EB-A3BC-8419E63A45D4}.Debug|Any CPU.ActiveCfg = Debug|Any CPU
		{239119EC-D1D0-40EB-A3BC-8419E63A45D4}.Debug|Any CPU.Build.0 = Debug|Any CPU
		{239119EC-D1D0-40EB-A3BC-8419E63A45D4}.Release|Any CPU.ActiveCfg = Release|Any CPU
		{239119EC-D1D0-40EB-A3BC-8419E63A45D4}.Release|Any CPU.Build.0 = Release|Any CPU
		{ADFD4B83-7E7F-4421-AC23-4C33D79628BE}.Debug|Any CPU.ActiveCfg = Debug|Any CPU
		{ADFD4B83-7E7F-4421-AC23-4C33D79628BE}.Debug|Any CPU.Build.0 = Debug|Any CPU
		{ADFD4B83-7E7F-4421-AC23-4C33D79628BE}.Release|Any CPU.ActiveCfg = Release|Any CPU
		{ADFD4B83-7E7F-4421-AC23-4C33D79628BE}.Release|Any CPU.Build.0 = Release|Any CPU
		{B7942489-8F02-4680-9B1D-C778CEE0CD72}.Debug|Any CPU.ActiveCfg = Debug|Any CPU
		{B7942489-8F02-4680-9B1D-C778CEE0CD72}.Debug|Any CPU.Build.0 = Debug|Any CPU
		{B7942489-8F02-4680-9B1D-C778CEE0CD72}.Release|Any CPU.ActiveCfg = Release|Any CPU
		{B7942489-8F02-4680-9B1D-C778CEE0CD72}.Release|Any CPU.Build.0 = Release|Any CPU
		{1F5F118F-24A0-414D-B721-66F0C479B6AA}.Debug|Any CPU.ActiveCfg = Debug|Any CPU
		{1F5F118F-24A0-414D-B721-66F0C479B6AA}.Debug|Any CPU.Build.0 = Debug|Any CPU
		{1F5F118F-24A0-414D-B721-66F0C479B6AA}.Release|Any CPU.ActiveCfg = Release|Any CPU
		{1F5F118F-24A0-414D-B721-66F0C479B6AA}.Release|Any CPU.Build.0 = Release|Any CPU
		{91CC9E9C-5823-47F8-A4E7-7D72D3178B21}.Debug|Any CPU.ActiveCfg = Debug|Any CPU
		{91CC9E9C-5823-47F8-A4E7-7D72D3178B21}.Debug|Any CPU.Build.0 = Debug|Any CPU
		{91CC9E9C-5823-47F8-A4E7-7D72D3178B21}.Release|Any CPU.ActiveCfg = Release|Any CPU
		{91CC9E9C-5823-47F8-A4E7-7D72D3178B21}.Release|Any CPU.Build.0 = Release|Any CPU
		{37221975-F37E-4239-BC06-9A836D90FE38}.Debug|Any CPU.ActiveCfg = Debug|Any CPU
		{37221975-F37E-4239-BC06-9A836D90FE38}.Debug|Any CPU.Build.0 = Debug|Any CPU
		{37221975-F37E-4239-BC06-9A836D90FE38}.Release|Any CPU.ActiveCfg = Release|Any CPU
		{37221975-F37E-4239-BC06-9A836D90FE38}.Release|Any CPU.Build.0 = Release|Any CPU
		{BBDE2027-50D4-4ECE-84BC-1AD4A2117887}.Debug|Any CPU.ActiveCfg = Debug|Any CPU
		{BBDE2027-50D4-4ECE-84BC-1AD4A2117887}.Debug|Any CPU.Build.0 = Debug|Any CPU
		{BBDE2027-50D4-4ECE-84BC-1AD4A2117887}.Release|Any CPU.ActiveCfg = Release|Any CPU
		{BBDE2027-50D4-4ECE-84BC-1AD4A2117887}.Release|Any CPU.Build.0 = Release|Any CPU
		{EF64556B-2FE6-4387-95DA-DBA48B837239}.Debug|Any CPU.ActiveCfg = Debug|Any CPU
		{EF64556B-2FE6-4387-95DA-DBA48B837239}.Debug|Any CPU.Build.0 = Debug|Any CPU
		{EF64556B-2FE6-4387-95DA-DBA48B837239}.Release|Any CPU.ActiveCfg = Release|Any CPU
		{EF64556B-2FE6-4387-95DA-DBA48B837239}.Release|Any CPU.Build.0 = Release|Any CPU
		{E901DF86-9B8B-4218-8F78-0F8B2A6984A5}.Debug|Any CPU.ActiveCfg = Debug|Any CPU
		{E901DF86-9B8B-4218-8F78-0F8B2A6984A5}.Debug|Any CPU.Build.0 = Debug|Any CPU
		{E901DF86-9B8B-4218-8F78-0F8B2A6984A5}.Release|Any CPU.ActiveCfg = Release|Any CPU
		{E901DF86-9B8B-4218-8F78-0F8B2A6984A5}.Release|Any CPU.Build.0 = Release|Any CPU
		{502572B8-4B83-4DE0-8E52-A8F79FFF8611}.Debug|Any CPU.ActiveCfg = Debug|Any CPU
		{502572B8-4B83-4DE0-8E52-A8F79FFF8611}.Debug|Any CPU.Build.0 = Debug|Any CPU
		{502572B8-4B83-4DE0-8E52-A8F79FFF8611}.Release|Any CPU.ActiveCfg = Release|Any CPU
		{502572B8-4B83-4DE0-8E52-A8F79FFF8611}.Release|Any CPU.Build.0 = Release|Any CPU
		{A57ADB51-AF44-4C69-A02D-10172053A91A}.Debug|Any CPU.ActiveCfg = Debug|Any CPU
		{A57ADB51-AF44-4C69-A02D-10172053A91A}.Debug|Any CPU.Build.0 = Debug|Any CPU
		{A57ADB51-AF44-4C69-A02D-10172053A91A}.Release|Any CPU.ActiveCfg = Release|Any CPU
		{A57ADB51-AF44-4C69-A02D-10172053A91A}.Release|Any CPU.Build.0 = Release|Any CPU
		{19591975-B0CF-4E88-A6F4-3D5A95174D9E}.Debug|Any CPU.ActiveCfg = Debug|Any CPU
		{19591975-B0CF-4E88-A6F4-3D5A95174D9E}.Debug|Any CPU.Build.0 = Debug|Any CPU
		{19591975-B0CF-4E88-A6F4-3D5A95174D9E}.Release|Any CPU.ActiveCfg = Release|Any CPU
		{19591975-B0CF-4E88-A6F4-3D5A95174D9E}.Release|Any CPU.Build.0 = Release|Any CPU
	EndGlobalSection
	GlobalSection(SolutionProperties) = preSolution
		HideSolutionNode = FALSE
	EndGlobalSection
EndGlobal
