
Microsoft Visual Studio Solution File, Format Version 12.00
# Visual Studio 2013
VisualStudioVersion = 12.0.40629.0
MinimumVisualStudioVersion = 10.0.40219.1
Project("{FAE04EC0-301F-11D3-BF4B-00C04F79EFBC}") = "IssueTrackingSystem", "IssueTrackingSystem\IssueTrackingSystem.csproj", "{FD8FF864-5EE7-41F9-83BD-8C21D37B4FE5}"
EndProject
Project("{FAE04EC0-301F-11D3-BF4B-00C04F79EFBC}") = "IssueTrackingSystemTests", "IssueTrackingSystemTests\IssueTrackingSystemTests.csproj", "{0D53EBD8-46B2-49F7-B0D3-D4E3472F9E6C}"
EndProject
Global
	GlobalSection(SolutionConfigurationPlatforms) = preSolution
		Debug|Any CPU = Debug|Any CPU
		Release|Any CPU = Release|Any CPU
	EndGlobalSection
	GlobalSection(ProjectConfigurationPlatforms) = postSolution
		{FD8FF864-5EE7-41F9-83BD-8C21D37B4FE5}.Debug|Any CPU.ActiveCfg = Debug|Any CPU
		{FD8FF864-5EE7-41F9-83BD-8C21D37B4FE5}.Debug|Any CPU.Build.0 = Debug|Any CPU
		{FD8FF864-5EE7-41F9-83BD-8C21D37B4FE5}.Release|Any CPU.ActiveCfg = Release|Any CPU
		{FD8FF864-5EE7-41F9-83BD-8C21D37B4FE5}.Release|Any CPU.Build.0 = Release|Any CPU
		{0D53EBD8-46B2-49F7-B0D3-D4E3472F9E6C}.Debug|Any CPU.ActiveCfg = Debug|Any CPU
		{0D53EBD8-46B2-49F7-B0D3-D4E3472F9E6C}.Debug|Any CPU.Build.0 = Debug|Any CPU
		{0D53EBD8-46B2-49F7-B0D3-D4E3472F9E6C}.Release|Any CPU.ActiveCfg = Release|Any CPU
		{0D53EBD8-46B2-49F7-B0D3-D4E3472F9E6C}.Release|Any CPU.Build.0 = Release|Any CPU
	EndGlobalSection
	GlobalSection(SolutionProperties) = preSolution
		HideSolutionNode = FALSE
	EndGlobalSection
EndGlobal
