
Microsoft Visual Studio Solution File, Format Version 12.00
# Visual Studio 2013
VisualStudioVersion = 12.0.31101.0
MinimumVisualStudioVersion = 10.0.40219.1
Project("{FAE04EC0-301F-11D3-BF4B-00C04F79EFBC}") = "ControlFlowStatementsAndLoops", "ControlFlowStatementsAndLoops\ControlFlowStatementsAndLoops.csproj", "{D2AB33B0-CC75-4C59-9880-17C8DAA3CE4C}"
EndProject
Project("{FAE04EC0-301F-11D3-BF4B-00C04F79EFBC}") = "CSharpExamProblem1", "CSharpExamProblem1\CSharpExamProblem1.csproj", "{7C974D03-F600-4D46-ABA2-A3A072718373}"
EndProject
Project("{FAE04EC0-301F-11D3-BF4B-00C04F79EFBC}") = "CSharpExamProblem2", "CSharpExamProblem2\CSharpExamProblem2.csproj", "{49D7C5C1-3790-43D7-8EBA-C9DCED30E8D4}"
EndProject
Project("{FAE04EC0-301F-11D3-BF4B-00C04F79EFBC}") = "CSharpExamProblem3", "CSharpExamProblem3\CSharpExamProblem3.csproj", "{2A395E91-EE86-4358-AE31-B8C63415DA77}"
EndProject
Project("{FAE04EC0-301F-11D3-BF4B-00C04F79EFBC}") = "CSharpExamProblem4", "CSharpExamProblem4\CSharpExamProblem4.csproj", "{779AF6DE-E5C3-4B52-AD81-26E8E4321C8B}"
EndProject
Project("{FAE04EC0-301F-11D3-BF4B-00C04F79EFBC}") = "CSharpExamProblem5", "CSharpExamProblem5\CSharpExamProblem5.csproj", "{423B85D9-56D2-4D29-9838-6CCE9E1F2746}"
EndProject
Global
	GlobalSection(SolutionConfigurationPlatforms) = preSolution
		Debug|Any CPU = Debug|Any CPU
		Release|Any CPU = Release|Any CPU
	EndGlobalSection
	GlobalSection(ProjectConfigurationPlatforms) = postSolution
		{D2AB33B0-CC75-4C59-9880-17C8DAA3CE4C}.Debug|Any CPU.ActiveCfg = Debug|Any CPU
		{D2AB33B0-CC75-4C59-9880-17C8DAA3CE4C}.Debug|Any CPU.Build.0 = Debug|Any CPU
		{D2AB33B0-CC75-4C59-9880-17C8DAA3CE4C}.Release|Any CPU.ActiveCfg = Release|Any CPU
		{D2AB33B0-CC75-4C59-9880-17C8DAA3CE4C}.Release|Any CPU.Build.0 = Release|Any CPU
		{7C974D03-F600-4D46-ABA2-A3A072718373}.Debug|Any CPU.ActiveCfg = Debug|Any CPU
		{7C974D03-F600-4D46-ABA2-A3A072718373}.Debug|Any CPU.Build.0 = Debug|Any CPU
		{7C974D03-F600-4D46-ABA2-A3A072718373}.Release|Any CPU.ActiveCfg = Release|Any CPU
		{7C974D03-F600-4D46-ABA2-A3A072718373}.Release|Any CPU.Build.0 = Release|Any CPU
		{49D7C5C1-3790-43D7-8EBA-C9DCED30E8D4}.Debug|Any CPU.ActiveCfg = Debug|Any CPU
		{49D7C5C1-3790-43D7-8EBA-C9DCED30E8D4}.Debug|Any CPU.Build.0 = Debug|Any CPU
		{49D7C5C1-3790-43D7-8EBA-C9DCED30E8D4}.Release|Any CPU.ActiveCfg = Release|Any CPU
		{49D7C5C1-3790-43D7-8EBA-C9DCED30E8D4}.Release|Any CPU.Build.0 = Release|Any CPU
		{2A395E91-EE86-4358-AE31-B8C63415DA77}.Debug|Any CPU.ActiveCfg = Debug|Any CPU
		{2A395E91-EE86-4358-AE31-B8C63415DA77}.Debug|Any CPU.Build.0 = Debug|Any CPU
		{2A395E91-EE86-4358-AE31-B8C63415DA77}.Release|Any CPU.ActiveCfg = Release|Any CPU
		{2A395E91-EE86-4358-AE31-B8C63415DA77}.Release|Any CPU.Build.0 = Release|Any CPU
		{779AF6DE-E5C3-4B52-AD81-26E8E4321C8B}.Debug|Any CPU.ActiveCfg = Debug|Any CPU
		{779AF6DE-E5C3-4B52-AD81-26E8E4321C8B}.Debug|Any CPU.Build.0 = Debug|Any CPU
		{779AF6DE-E5C3-4B52-AD81-26E8E4321C8B}.Release|Any CPU.ActiveCfg = Release|Any CPU
		{779AF6DE-E5C3-4B52-AD81-26E8E4321C8B}.Release|Any CPU.Build.0 = Release|Any CPU
		{423B85D9-56D2-4D29-9838-6CCE9E1F2746}.Debug|Any CPU.ActiveCfg = Debug|Any CPU
		{423B85D9-56D2-4D29-9838-6CCE9E1F2746}.Debug|Any CPU.Build.0 = Debug|Any CPU
		{423B85D9-56D2-4D29-9838-6CCE9E1F2746}.Release|Any CPU.ActiveCfg = Release|Any CPU
		{423B85D9-56D2-4D29-9838-6CCE9E1F2746}.Release|Any CPU.Build.0 = Release|Any CPU
	EndGlobalSection
	GlobalSection(SolutionProperties) = preSolution
		HideSolutionNode = FALSE
	EndGlobalSection
EndGlobal
