
Microsoft Visual Studio Solution File, Format Version 12.00
# Visual Studio 2013
VisualStudioVersion = 12.0.31101.0
MinimumVisualStudioVersion = 10.0.40219.1
Project("{FAE04EC0-301F-11D3-BF4B-00C04F79EFBC}") = "SchoolClasses", "SchoolClasses\SchoolClasses.csproj", "{D6A99E52-2601-4766-9FC1-7626A40DBCDB}"
EndProject
Project("{FAE04EC0-301F-11D3-BF4B-00C04F79EFBC}") = "StudentsAndWorkers", "StudentsAndWorkers\StudentsAndWorkers.csproj", "{8C5661E5-3475-4A32-A99D-2B8854E81923}"
EndProject
Project("{FAE04EC0-301F-11D3-BF4B-00C04F79EFBC}") = "AnimalHierarchy", "AnimalHierarchy\AnimalHierarchy.csproj", "{2D438260-11F8-4DAF-9C4D-032B510C15DB}"
EndProject
Global
	GlobalSection(SolutionConfigurationPlatforms) = preSolution
		Debug|Any CPU = Debug|Any CPU
		Release|Any CPU = Release|Any CPU
	EndGlobalSection
	GlobalSection(ProjectConfigurationPlatforms) = postSolution
		{D6A99E52-2601-4766-9FC1-7626A40DBCDB}.Debug|Any CPU.ActiveCfg = Debug|Any CPU
		{D6A99E52-2601-4766-9FC1-7626A40DBCDB}.Debug|Any CPU.Build.0 = Debug|Any CPU
		{D6A99E52-2601-4766-9FC1-7626A40DBCDB}.Release|Any CPU.ActiveCfg = Release|Any CPU
		{D6A99E52-2601-4766-9FC1-7626A40DBCDB}.Release|Any CPU.Build.0 = Release|Any CPU
		{8C5661E5-3475-4A32-A99D-2B8854E81923}.Debug|Any CPU.ActiveCfg = Debug|Any CPU
		{8C5661E5-3475-4A32-A99D-2B8854E81923}.Debug|Any CPU.Build.0 = Debug|Any CPU
		{8C5661E5-3475-4A32-A99D-2B8854E81923}.Release|Any CPU.ActiveCfg = Release|Any CPU
		{8C5661E5-3475-4A32-A99D-2B8854E81923}.Release|Any CPU.Build.0 = Release|Any CPU
		{2D438260-11F8-4DAF-9C4D-032B510C15DB}.Debug|Any CPU.ActiveCfg = Debug|Any CPU
		{2D438260-11F8-4DAF-9C4D-032B510C15DB}.Debug|Any CPU.Build.0 = Debug|Any CPU
		{2D438260-11F8-4DAF-9C4D-032B510C15DB}.Release|Any CPU.ActiveCfg = Release|Any CPU
		{2D438260-11F8-4DAF-9C4D-032B510C15DB}.Release|Any CPU.Build.0 = Release|Any CPU
	EndGlobalSection
	GlobalSection(SolutionProperties) = preSolution
		HideSolutionNode = FALSE
	EndGlobalSection
EndGlobal
